
Microsoft Visual Studio Solution File, Format Version 12.00
# Visual Studio Version 17
VisualStudioVersion = 17.8.34525.116
MinimumVisualStudioVersion = 10.0.40219.1
Project("{2150E333-8FDC-42A3-9474-1A3956D46DE8}") = "Services", "Services", "{3E0BF15B-2B12-4C8B-9C5F-98818A12FB89}"
EndProject
Project("{2150E333-8FDC-42A3-9474-1A3956D46DE8}") = "BuildingBlocks", "BuildingBlocks", "{F42DFEE7-D389-49A7-B7F1-E1075C29EFE8}"
EndProject
Project("{9A19103F-16F7-4668-BE54-9A1E7A4F7556}") = "BuildingBlocks", "BuildingBlocks\BuildingBlocks.csproj", "{05357584-CC32-40AD-9E43-97402FD5F1ED}"
EndProject
Project("{2150E333-8FDC-42A3-9474-1A3956D46DE8}") = "Auth", "Auth", "{1FE4BA24-2500-4ECE-B47C-927E7C77B4C0}"
EndProject
Project("{E53339B2-1760-4266-BCC7-CA923CBCF16C}") = "docker-compose", "docker-compose.dcproj", "{8C14F090-92FF-45C7-B63F-9E51295493F0}"
EndProject
Project("{2150E333-8FDC-42A3-9474-1A3956D46DE8}") = "FoodCatalog", "FoodCatalog", "{3B367BB7-30DE-4634-A8B5-7A446E30B01F}"
EndProject
Project("{9A19103F-16F7-4668-BE54-9A1E7A4F7556}") = "Auth.API", "Services\Auth\Auth.API\Auth.API.csproj", "{B02ADAE8-2FDB-4D42-9E61-AD2FAA60D0B1}"
EndProject
Project("{9A19103F-16F7-4668-BE54-9A1E7A4F7556}") = "FoodCatalog.Api", "Services\FoodCatalog\FoodCatalog.Api\FoodCatalog.Api.csproj", "{A1CB500B-9E43-4AD1-8AC0-A36039F79BF2}"
EndProject
Project("{2150E333-8FDC-42A3-9474-1A3956D46DE8}") = "FoodRecords", "FoodRecords", "{6CDA541A-F565-4B4C-89B3-6BEADCDAE3AA}"
EndProject
Project("{9A19103F-16F7-4668-BE54-9A1E7A4F7556}") = "FoodRecords.Api", "Services\FoodRecords\FoodRecords.Api\FoodRecords.Api.csproj", "{65BFAE19-0628-4BE7-A33A-97F15C6C5359}"
EndProject
Project("{2150E333-8FDC-42A3-9474-1A3956D46DE8}") = "Recommendation", "Recommendation", "{3C095BF5-7B4D-4C4A-9542-6A83EBCFAC0A}"
EndProject
Project("{9A19103F-16F7-4668-BE54-9A1E7A4F7556}") = "RecommendationService.Api", "Services\Recommendation\RecommendationService.Api\RecommendationService.Api.csproj", "{E1A7B04A-5EE5-4CA6-B403-6ABC04391B18}"
EndProject
Project("{9A19103F-16F7-4668-BE54-9A1E7A4F7556}") = "Gateway.API", "Gateway.API\Gateway.API.csproj", "{F85A06B1-C3AE-4904-A564-DC2731C93456}"
EndProject
Project("{FAE04EC0-301F-11D3-BF4B-00C04F79EFBC}") = "BuildingBlocks.Messaging", "BuildingBlocks.Messaging\BuildingBlocks.Messaging.csproj", "{0D8EA82B-D2D2-48BB-A6CA-AF95DCEF8F04}"
EndProject
Global
	GlobalSection(SolutionConfigurationPlatforms) = preSolution
		Debug|Any CPU = Debug|Any CPU
		Release|Any CPU = Release|Any CPU
	EndGlobalSection
	GlobalSection(ProjectConfigurationPlatforms) = postSolution
		{05357584-CC32-40AD-9E43-97402FD5F1ED}.Debug|Any CPU.ActiveCfg = Debug|Any CPU
		{05357584-CC32-40AD-9E43-97402FD5F1ED}.Debug|Any CPU.Build.0 = Debug|Any CPU
		{05357584-CC32-40AD-9E43-97402FD5F1ED}.Release|Any CPU.ActiveCfg = Release|Any CPU
		{05357584-CC32-40AD-9E43-97402FD5F1ED}.Release|Any CPU.Build.0 = Release|Any CPU
		{8C14F090-92FF-45C7-B63F-9E51295493F0}.Debug|Any CPU.ActiveCfg = Debug|Any CPU
		{8C14F090-92FF-45C7-B63F-9E51295493F0}.Debug|Any CPU.Build.0 = Debug|Any CPU
		{8C14F090-92FF-45C7-B63F-9E51295493F0}.Release|Any CPU.ActiveCfg = Release|Any CPU
		{8C14F090-92FF-45C7-B63F-9E51295493F0}.Release|Any CPU.Build.0 = Release|Any CPU
		{B02ADAE8-2FDB-4D42-9E61-AD2FAA60D0B1}.Debug|Any CPU.ActiveCfg = Debug|Any CPU
		{B02ADAE8-2FDB-4D42-9E61-AD2FAA60D0B1}.Debug|Any CPU.Build.0 = Debug|Any CPU
		{B02ADAE8-2FDB-4D42-9E61-AD2FAA60D0B1}.Release|Any CPU.ActiveCfg = Release|Any CPU
		{B02ADAE8-2FDB-4D42-9E61-AD2FAA60D0B1}.Release|Any CPU.Build.0 = Release|Any CPU
		{A1CB500B-9E43-4AD1-8AC0-A36039F79BF2}.Debug|Any CPU.ActiveCfg = Debug|Any CPU
		{A1CB500B-9E43-4AD1-8AC0-A36039F79BF2}.Debug|Any CPU.Build.0 = Debug|Any CPU
		{A1CB500B-9E43-4AD1-8AC0-A36039F79BF2}.Release|Any CPU.ActiveCfg = Release|Any CPU
		{A1CB500B-9E43-4AD1-8AC0-A36039F79BF2}.Release|Any CPU.Build.0 = Release|Any CPU
		{65BFAE19-0628-4BE7-A33A-97F15C6C5359}.Debug|Any CPU.ActiveCfg = Debug|Any CPU
		{65BFAE19-0628-4BE7-A33A-97F15C6C5359}.Debug|Any CPU.Build.0 = Debug|Any CPU
		{65BFAE19-0628-4BE7-A33A-97F15C6C5359}.Release|Any CPU.ActiveCfg = Release|Any CPU
		{65BFAE19-0628-4BE7-A33A-97F15C6C5359}.Release|Any CPU.Build.0 = Release|Any CPU
		{E1A7B04A-5EE5-4CA6-B403-6ABC04391B18}.Debug|Any CPU.ActiveCfg = Debug|Any CPU
		{E1A7B04A-5EE5-4CA6-B403-6ABC04391B18}.Debug|Any CPU.Build.0 = Debug|Any CPU
		{E1A7B04A-5EE5-4CA6-B403-6ABC04391B18}.Release|Any CPU.ActiveCfg = Release|Any CPU
		{E1A7B04A-5EE5-4CA6-B403-6ABC04391B18}.Release|Any CPU.Build.0 = Release|Any CPU
		{F85A06B1-C3AE-4904-A564-DC2731C93456}.Debug|Any CPU.ActiveCfg = Debug|Any CPU
		{F85A06B1-C3AE-4904-A564-DC2731C93456}.Debug|Any CPU.Build.0 = Debug|Any CPU
		{F85A06B1-C3AE-4904-A564-DC2731C93456}.Release|Any CPU.ActiveCfg = Release|Any CPU
		{F85A06B1-C3AE-4904-A564-DC2731C93456}.Release|Any CPU.Build.0 = Release|Any CPU
		{0D8EA82B-D2D2-48BB-A6CA-AF95DCEF8F04}.Debug|Any CPU.ActiveCfg = Debug|Any CPU
		{0D8EA82B-D2D2-48BB-A6CA-AF95DCEF8F04}.Debug|Any CPU.Build.0 = Debug|Any CPU
		{0D8EA82B-D2D2-48BB-A6CA-AF95DCEF8F04}.Release|Any CPU.ActiveCfg = Release|Any CPU
		{0D8EA82B-D2D2-48BB-A6CA-AF95DCEF8F04}.Release|Any CPU.Build.0 = Release|Any CPU
	EndGlobalSection
	GlobalSection(SolutionProperties) = preSolution
		HideSolutionNode = FALSE
	EndGlobalSection
	GlobalSection(NestedProjects) = preSolution
		{05357584-CC32-40AD-9E43-97402FD5F1ED} = {F42DFEE7-D389-49A7-B7F1-E1075C29EFE8}
		{1FE4BA24-2500-4ECE-B47C-927E7C77B4C0} = {3E0BF15B-2B12-4C8B-9C5F-98818A12FB89}
		{3B367BB7-30DE-4634-A8B5-7A446E30B01F} = {3E0BF15B-2B12-4C8B-9C5F-98818A12FB89}
		{B02ADAE8-2FDB-4D42-9E61-AD2FAA60D0B1} = {1FE4BA24-2500-4ECE-B47C-927E7C77B4C0}
		{A1CB500B-9E43-4AD1-8AC0-A36039F79BF2} = {3B367BB7-30DE-4634-A8B5-7A446E30B01F}
		{6CDA541A-F565-4B4C-89B3-6BEADCDAE3AA} = {3E0BF15B-2B12-4C8B-9C5F-98818A12FB89}
		{65BFAE19-0628-4BE7-A33A-97F15C6C5359} = {6CDA541A-F565-4B4C-89B3-6BEADCDAE3AA}
		{3C095BF5-7B4D-4C4A-9542-6A83EBCFAC0A} = {3E0BF15B-2B12-4C8B-9C5F-98818A12FB89}
		{E1A7B04A-5EE5-4CA6-B403-6ABC04391B18} = {3C095BF5-7B4D-4C4A-9542-6A83EBCFAC0A}
		{0D8EA82B-D2D2-48BB-A6CA-AF95DCEF8F04} = {F42DFEE7-D389-49A7-B7F1-E1075C29EFE8}
	EndGlobalSection
	GlobalSection(ExtensibilityGlobals) = postSolution
		SolutionGuid = {D88A143A-ECBD-4459-9D34-38D25B38BADB}
	EndGlobalSection
EndGlobal
