
Microsoft Visual Studio Solution File, Format Version 12.00
# Visual Studio Version 17
VisualStudioVersion = 17.8.34525.116
MinimumVisualStudioVersion = 10.0.40219.1
Project("{2150E333-8FDC-42A3-9474-1A3956D46DE8}") = "Services", "Services", "{3E0BF15B-2B12-4C8B-9C5F-98818A12FB89}"
EndProject
Project("{2150E333-8FDC-42A3-9474-1A3956D46DE8}") = "BuildingBlocks", "BuildingBlocks", "{F42DFEE7-D389-49A7-B7F1-E1075C29EFE8}"
EndProject
Project("{9A19103F-16F7-4668-BE54-9A1E7A4F7556}") = "BuildingBlocks", "BuildingBlocks\BuildingBlocks.csproj", "{05357584-CC32-40AD-9E43-97402FD5F1ED}"
EndProject
Project("{2150E333-8FDC-42A3-9474-1A3956D46DE8}") = "Auth", "Auth", "{1FE4BA24-2500-4ECE-B47C-927E7C77B4C0}"
EndProject
Project("{9A19103F-16F7-4668-BE54-9A1E7A4F7556}") = "Auth.API", "Auth.API\Auth.API.csproj", "{6930AB24-0085-46BA-A6BC-61D44DDE7A1C}"
EndProject
Project("{E53339B2-1760-4266-BCC7-CA923CBCF16C}") = "docker-compose", "docker-compose.dcproj", "{8C14F090-92FF-45C7-B63F-9E51295493F0}"
EndProject
Project("{2150E333-8FDC-42A3-9474-1A3956D46DE8}") = "FoodCatalog", "FoodCatalog", "{72D4001F-E7C8-4FB9-8DD8-BF6284AAA53F}"
EndProject
Project("{FAE04EC0-301F-11D3-BF4B-00C04F79EFBC}") = "FoodCatalog.API", "..\FoodCatalog.API\FoodCatalog.API.csproj", "{42169462-3FD1-409B-BDE3-CFD10B9EF9AA}"
EndProject
Global
	GlobalSection(SolutionConfigurationPlatforms) = preSolution
		Debug|Any CPU = Debug|Any CPU
		Release|Any CPU = Release|Any CPU
	EndGlobalSection
	GlobalSection(ProjectConfigurationPlatforms) = postSolution
		{05357584-CC32-40AD-9E43-97402FD5F1ED}.Debug|Any CPU.ActiveCfg = Debug|Any CPU
		{05357584-CC32-40AD-9E43-97402FD5F1ED}.Debug|Any CPU.Build.0 = Debug|Any CPU
		{05357584-CC32-40AD-9E43-97402FD5F1ED}.Release|Any CPU.ActiveCfg = Release|Any CPU
		{05357584-CC32-40AD-9E43-97402FD5F1ED}.Release|Any CPU.Build.0 = Release|Any CPU
		{6930AB24-0085-46BA-A6BC-61D44DDE7A1C}.Debug|Any CPU.ActiveCfg = Debug|Any CPU
		{6930AB24-0085-46BA-A6BC-61D44DDE7A1C}.Debug|Any CPU.Build.0 = Debug|Any CPU
		{6930AB24-0085-46BA-A6BC-61D44DDE7A1C}.Release|Any CPU.ActiveCfg = Release|Any CPU
		{6930AB24-0085-46BA-A6BC-61D44DDE7A1C}.Release|Any CPU.Build.0 = Release|Any CPU
		{8C14F090-92FF-45C7-B63F-9E51295493F0}.Debug|Any CPU.ActiveCfg = Debug|Any CPU
		{8C14F090-92FF-45C7-B63F-9E51295493F0}.Debug|Any CPU.Build.0 = Debug|Any CPU
		{8C14F090-92FF-45C7-B63F-9E51295493F0}.Release|Any CPU.ActiveCfg = Release|Any CPU
		{8C14F090-92FF-45C7-B63F-9E51295493F0}.Release|Any CPU.Build.0 = Release|Any CPU
		{42169462-3FD1-409B-BDE3-CFD10B9EF9AA}.Debug|Any CPU.ActiveCfg = Debug|Any CPU
		{42169462-3FD1-409B-BDE3-CFD10B9EF9AA}.Debug|Any CPU.Build.0 = Debug|Any CPU
		{42169462-3FD1-409B-BDE3-CFD10B9EF9AA}.Release|Any CPU.ActiveCfg = Release|Any CPU
		{42169462-3FD1-409B-BDE3-CFD10B9EF9AA}.Release|Any CPU.Build.0 = Release|Any CPU
	EndGlobalSection
	GlobalSection(SolutionProperties) = preSolution
		HideSolutionNode = FALSE
	EndGlobalSection
	GlobalSection(NestedProjects) = preSolution
		{05357584-CC32-40AD-9E43-97402FD5F1ED} = {F42DFEE7-D389-49A7-B7F1-E1075C29EFE8}
		{1FE4BA24-2500-4ECE-B47C-927E7C77B4C0} = {3E0BF15B-2B12-4C8B-9C5F-98818A12FB89}
		{6930AB24-0085-46BA-A6BC-61D44DDE7A1C} = {1FE4BA24-2500-4ECE-B47C-927E7C77B4C0}
		{72D4001F-E7C8-4FB9-8DD8-BF6284AAA53F} = {3E0BF15B-2B12-4C8B-9C5F-98818A12FB89}
		{42169462-3FD1-409B-BDE3-CFD10B9EF9AA} = {72D4001F-E7C8-4FB9-8DD8-BF6284AAA53F}
	EndGlobalSection
	GlobalSection(ExtensibilityGlobals) = postSolution
		SolutionGuid = {D88A143A-ECBD-4459-9D34-38D25B38BADB}
	EndGlobalSection
EndGlobal
