
Microsoft Visual Studio Solution File, Format Version 12.00
# Visual Studio Version 17
VisualStudioVersion = 17.8.34525.116
MinimumVisualStudioVersion = 10.0.40219.1
Project("{2150E333-8FDC-42A3-9474-1A3956D46DE8}") = "Services", "Services", "{3E0BF15B-2B12-4C8B-9C5F-98818A12FB89}"
EndProject
Project("{2150E333-8FDC-42A3-9474-1A3956D46DE8}") = "BuildingBlocks", "BuildingBlocks", "{F42DFEE7-D389-49A7-B7F1-E1075C29EFE8}"
EndProject
Project("{9A19103F-16F7-4668-BE54-9A1E7A4F7556}") = "BuildingBlocks", "BuildingBlocks\BuildingBlocks.csproj", "{05357584-CC32-40AD-9E43-97402FD5F1ED}"
EndProject
Project("{2150E333-8FDC-42A3-9474-1A3956D46DE8}") = "Auth", "Auth", "{1FE4BA24-2500-4ECE-B47C-927E7C77B4C0}"
EndProject
Project("{E53339B2-1760-4266-BCC7-CA923CBCF16C}") = "docker-compose", "docker-compose.dcproj", "{8C14F090-92FF-45C7-B63F-9E51295493F0}"
EndProject
Project("{2150E333-8FDC-42A3-9474-1A3956D46DE8}") = "FoodCatalog", "FoodCatalog", "{3B367BB7-30DE-4634-A8B5-7A446E30B01F}"
EndProject
Project("{9A19103F-16F7-4668-BE54-9A1E7A4F7556}") = "Auth.API", "Services\Auth\Auth.API\Auth.API.csproj", "{B02ADAE8-2FDB-4D42-9E61-AD2FAA60D0B1}"
EndProject
Project("{9A19103F-16F7-4668-BE54-9A1E7A4F7556}") = "FoodCatalog.Api", "Services\FoodCatalog\FoodCatalog.Api\FoodCatalog.Api.csproj", "{A1CB500B-9E43-4AD1-8AC0-A36039F79BF2}"
EndProject
Project("{2150E333-8FDC-42A3-9474-1A3956D46DE8}") = "FoodRecords", "FoodRecords", "{6CDA541A-F565-4B4C-89B3-6BEADCDAE3AA}"
EndProject
Project("{9A19103F-16F7-4668-BE54-9A1E7A4F7556}") = "FoodRecords.Api", "Services\FoodRecords\FoodRecords.Api\FoodRecords.Api.csproj", "{65BFAE19-0628-4BE7-A33A-97F15C6C5359}"
EndProject
Project("{2150E333-8FDC-42A3-9474-1A3956D46DE8}") = "Recommendation", "Recommendation", "{3C095BF5-7B4D-4C4A-9542-6A83EBCFAC0A}"
EndProject
Project("{9A19103F-16F7-4668-BE54-9A1E7A4F7556}") = "RecommendationService.Api", "Services\Recommendation\RecommendationService.Api\RecommendationService.Api.csproj", "{E1A7B04A-5EE5-4CA6-B403-6ABC04391B18}"
EndProject
Project("{9A19103F-16F7-4668-BE54-9A1E7A4F7556}") = "Gateway.API", "Gateway.API\Gateway.API.csproj", "{F85A06B1-C3AE-4904-A564-DC2731C93456}"
EndProject
Project("{9A19103F-16F7-4668-BE54-9A1E7A4F7556}") = "BuildingBlocks.Messaging", "BuildingBlocks.Messaging\BuildingBlocks.Messaging.csproj", "{0D8EA82B-D2D2-48BB-A6CA-AF95DCEF8F04}"
EndProject
Project("{9A19103F-16F7-4668-BE54-9A1E7A4F7556}") = "FoodCatalog.Domain", "Services\FoodCatalog\FoodCatalog.Domain\FoodCatalog.Domain.csproj", "{2741FF8B-4657-4D39-9C36-BB803D27F748}"
EndProject
Project("{9A19103F-16F7-4668-BE54-9A1E7A4F7556}") = "FoodCatalog.Persistance", "Services\FoodCatalog\FoodCatalog.Persistance\FoodCatalog.Persistance.csproj", "{B93FF94E-B80F-48CF-8FDB-843EC87708C7}"
EndProject
Project("{9A19103F-16F7-4668-BE54-9A1E7A4F7556}") = "FoodCatalog.Application", "Services\FoodCatalog\FoodCatalog.Application\FoodCatalog.Application.csproj", "{DCF915F3-8389-421C-86DA-8FD9AE4284D1}"
EndProject
Project("{9A19103F-16F7-4668-BE54-9A1E7A4F7556}") = "Auth.Domain", "Services\Auth\Auth.Domain\Auth.Domain.csproj", "{61FFF2F7-9656-4B1B-8032-1CA1C36A39F3}"
EndProject
Project("{9A19103F-16F7-4668-BE54-9A1E7A4F7556}") = "Auth.Application", "Services\Auth\Auth.Application\Auth.Application.csproj", "{ED18624E-1A97-4363-B83B-CE7C273F9689}"
EndProject
Project("{9A19103F-16F7-4668-BE54-9A1E7A4F7556}") = "Auth.Persistance", "Services\Auth\Auth.Persistance\Auth.Persistance.csproj", "{0755DCFB-EA9C-4F25-B8BC-6ABF55897927}"
EndProject
Project("{9A19103F-16F7-4668-BE54-9A1E7A4F7556}") = "FoodRecords.Domain", "Services\FoodRecords\FoodRecords.Domain\FoodRecords.Domain.csproj", "{BD256214-6504-4FFD-A71E-5F99B4615A32}"
EndProject
Project("{9A19103F-16F7-4668-BE54-9A1E7A4F7556}") = "FoodRecords.Persistance", "Services\FoodRecords\FoodRecords.Persistance\FoodRecords.Persistance.csproj", "{192207D4-D97E-457E-BAFA-C8A5503FA198}"
EndProject
Project("{9A19103F-16F7-4668-BE54-9A1E7A4F7556}") = "FoodRecords.Application", "Services\FoodRecords\FoodRecords.Application\FoodRecords.Application.csproj", "{0D675AA6-17A4-4D62-B8C7-E9905F96B9A0}"
EndProject
Project("{FAE04EC0-301F-11D3-BF4B-00C04F79EFBC}") = "RecommendationService.Domain", "Services\Recommendation\RecommendationService.Domain\RecommendationService.Domain.csproj", "{3CC62120-7399-4F74-AB6E-44416E017AF9}"
EndProject
Project("{FAE04EC0-301F-11D3-BF4B-00C04F79EFBC}") = "RecommendationService.Persistance", "Services\Recommendation\RecommendationService.Persistance\RecommendationService.Persistance.csproj", "{67611E5B-958C-44C0-ABAE-B2D0E65EADBE}"
EndProject
Project("{FAE04EC0-301F-11D3-BF4B-00C04F79EFBC}") = "RecommendationService.Application", "Services\Recommendation\RecommendationService.Application\RecommendationService.Application.csproj", "{99B7D894-0B63-42F6-9278-636FD3A7925A}"
EndProject
Global
	GlobalSection(SolutionConfigurationPlatforms) = preSolution
		Debug|Any CPU = Debug|Any CPU
		Release|Any CPU = Release|Any CPU
	EndGlobalSection
	GlobalSection(ProjectConfigurationPlatforms) = postSolution
		{05357584-CC32-40AD-9E43-97402FD5F1ED}.Debug|Any CPU.ActiveCfg = Debug|Any CPU
		{05357584-CC32-40AD-9E43-97402FD5F1ED}.Debug|Any CPU.Build.0 = Debug|Any CPU
		{05357584-CC32-40AD-9E43-97402FD5F1ED}.Release|Any CPU.ActiveCfg = Release|Any CPU
		{05357584-CC32-40AD-9E43-97402FD5F1ED}.Release|Any CPU.Build.0 = Release|Any CPU
		{8C14F090-92FF-45C7-B63F-9E51295493F0}.Debug|Any CPU.ActiveCfg = Debug|Any CPU
		{8C14F090-92FF-45C7-B63F-9E51295493F0}.Debug|Any CPU.Build.0 = Debug|Any CPU
		{8C14F090-92FF-45C7-B63F-9E51295493F0}.Release|Any CPU.ActiveCfg = Release|Any CPU
		{8C14F090-92FF-45C7-B63F-9E51295493F0}.Release|Any CPU.Build.0 = Release|Any CPU
		{B02ADAE8-2FDB-4D42-9E61-AD2FAA60D0B1}.Debug|Any CPU.ActiveCfg = Debug|Any CPU
		{B02ADAE8-2FDB-4D42-9E61-AD2FAA60D0B1}.Debug|Any CPU.Build.0 = Debug|Any CPU
		{B02ADAE8-2FDB-4D42-9E61-AD2FAA60D0B1}.Release|Any CPU.ActiveCfg = Release|Any CPU
		{B02ADAE8-2FDB-4D42-9E61-AD2FAA60D0B1}.Release|Any CPU.Build.0 = Release|Any CPU
		{A1CB500B-9E43-4AD1-8AC0-A36039F79BF2}.Debug|Any CPU.ActiveCfg = Debug|Any CPU
		{A1CB500B-9E43-4AD1-8AC0-A36039F79BF2}.Debug|Any CPU.Build.0 = Debug|Any CPU
		{A1CB500B-9E43-4AD1-8AC0-A36039F79BF2}.Release|Any CPU.ActiveCfg = Release|Any CPU
		{A1CB500B-9E43-4AD1-8AC0-A36039F79BF2}.Release|Any CPU.Build.0 = Release|Any CPU
		{65BFAE19-0628-4BE7-A33A-97F15C6C5359}.Debug|Any CPU.ActiveCfg = Debug|Any CPU
		{65BFAE19-0628-4BE7-A33A-97F15C6C5359}.Debug|Any CPU.Build.0 = Debug|Any CPU
		{65BFAE19-0628-4BE7-A33A-97F15C6C5359}.Release|Any CPU.ActiveCfg = Release|Any CPU
		{65BFAE19-0628-4BE7-A33A-97F15C6C5359}.Release|Any CPU.Build.0 = Release|Any CPU
		{E1A7B04A-5EE5-4CA6-B403-6ABC04391B18}.Debug|Any CPU.ActiveCfg = Debug|Any CPU
		{E1A7B04A-5EE5-4CA6-B403-6ABC04391B18}.Debug|Any CPU.Build.0 = Debug|Any CPU
		{E1A7B04A-5EE5-4CA6-B403-6ABC04391B18}.Release|Any CPU.ActiveCfg = Release|Any CPU
		{E1A7B04A-5EE5-4CA6-B403-6ABC04391B18}.Release|Any CPU.Build.0 = Release|Any CPU
		{F85A06B1-C3AE-4904-A564-DC2731C93456}.Debug|Any CPU.ActiveCfg = Debug|Any CPU
		{F85A06B1-C3AE-4904-A564-DC2731C93456}.Debug|Any CPU.Build.0 = Debug|Any CPU
		{F85A06B1-C3AE-4904-A564-DC2731C93456}.Release|Any CPU.ActiveCfg = Release|Any CPU
		{F85A06B1-C3AE-4904-A564-DC2731C93456}.Release|Any CPU.Build.0 = Release|Any CPU
		{0D8EA82B-D2D2-48BB-A6CA-AF95DCEF8F04}.Debug|Any CPU.ActiveCfg = Debug|Any CPU
		{0D8EA82B-D2D2-48BB-A6CA-AF95DCEF8F04}.Debug|Any CPU.Build.0 = Debug|Any CPU
		{0D8EA82B-D2D2-48BB-A6CA-AF95DCEF8F04}.Release|Any CPU.ActiveCfg = Release|Any CPU
		{0D8EA82B-D2D2-48BB-A6CA-AF95DCEF8F04}.Release|Any CPU.Build.0 = Release|Any CPU
		{2741FF8B-4657-4D39-9C36-BB803D27F748}.Debug|Any CPU.ActiveCfg = Debug|Any CPU
		{2741FF8B-4657-4D39-9C36-BB803D27F748}.Debug|Any CPU.Build.0 = Debug|Any CPU
		{2741FF8B-4657-4D39-9C36-BB803D27F748}.Release|Any CPU.ActiveCfg = Release|Any CPU
		{2741FF8B-4657-4D39-9C36-BB803D27F748}.Release|Any CPU.Build.0 = Release|Any CPU
		{B93FF94E-B80F-48CF-8FDB-843EC87708C7}.Debug|Any CPU.ActiveCfg = Debug|Any CPU
		{B93FF94E-B80F-48CF-8FDB-843EC87708C7}.Debug|Any CPU.Build.0 = Debug|Any CPU
		{B93FF94E-B80F-48CF-8FDB-843EC87708C7}.Release|Any CPU.ActiveCfg = Release|Any CPU
		{B93FF94E-B80F-48CF-8FDB-843EC87708C7}.Release|Any CPU.Build.0 = Release|Any CPU
		{DCF915F3-8389-421C-86DA-8FD9AE4284D1}.Debug|Any CPU.ActiveCfg = Debug|Any CPU
		{DCF915F3-8389-421C-86DA-8FD9AE4284D1}.Debug|Any CPU.Build.0 = Debug|Any CPU
		{DCF915F3-8389-421C-86DA-8FD9AE4284D1}.Release|Any CPU.ActiveCfg = Release|Any CPU
		{DCF915F3-8389-421C-86DA-8FD9AE4284D1}.Release|Any CPU.Build.0 = Release|Any CPU
		{61FFF2F7-9656-4B1B-8032-1CA1C36A39F3}.Debug|Any CPU.ActiveCfg = Debug|Any CPU
		{61FFF2F7-9656-4B1B-8032-1CA1C36A39F3}.Debug|Any CPU.Build.0 = Debug|Any CPU
		{61FFF2F7-9656-4B1B-8032-1CA1C36A39F3}.Release|Any CPU.ActiveCfg = Release|Any CPU
		{61FFF2F7-9656-4B1B-8032-1CA1C36A39F3}.Release|Any CPU.Build.0 = Release|Any CPU
		{ED18624E-1A97-4363-B83B-CE7C273F9689}.Debug|Any CPU.ActiveCfg = Debug|Any CPU
		{ED18624E-1A97-4363-B83B-CE7C273F9689}.Debug|Any CPU.Build.0 = Debug|Any CPU
		{ED18624E-1A97-4363-B83B-CE7C273F9689}.Release|Any CPU.ActiveCfg = Release|Any CPU
		{ED18624E-1A97-4363-B83B-CE7C273F9689}.Release|Any CPU.Build.0 = Release|Any CPU
		{0755DCFB-EA9C-4F25-B8BC-6ABF55897927}.Debug|Any CPU.ActiveCfg = Debug|Any CPU
		{0755DCFB-EA9C-4F25-B8BC-6ABF55897927}.Debug|Any CPU.Build.0 = Debug|Any CPU
		{0755DCFB-EA9C-4F25-B8BC-6ABF55897927}.Release|Any CPU.ActiveCfg = Release|Any CPU
		{0755DCFB-EA9C-4F25-B8BC-6ABF55897927}.Release|Any CPU.Build.0 = Release|Any CPU
		{BD256214-6504-4FFD-A71E-5F99B4615A32}.Debug|Any CPU.ActiveCfg = Debug|Any CPU
		{BD256214-6504-4FFD-A71E-5F99B4615A32}.Debug|Any CPU.Build.0 = Debug|Any CPU
		{BD256214-6504-4FFD-A71E-5F99B4615A32}.Release|Any CPU.ActiveCfg = Release|Any CPU
		{BD256214-6504-4FFD-A71E-5F99B4615A32}.Release|Any CPU.Build.0 = Release|Any CPU
		{192207D4-D97E-457E-BAFA-C8A5503FA198}.Debug|Any CPU.ActiveCfg = Debug|Any CPU
		{192207D4-D97E-457E-BAFA-C8A5503FA198}.Debug|Any CPU.Build.0 = Debug|Any CPU
		{192207D4-D97E-457E-BAFA-C8A5503FA198}.Release|Any CPU.ActiveCfg = Release|Any CPU
		{192207D4-D97E-457E-BAFA-C8A5503FA198}.Release|Any CPU.Build.0 = Release|Any CPU
		{0D675AA6-17A4-4D62-B8C7-E9905F96B9A0}.Debug|Any CPU.ActiveCfg = Debug|Any CPU
		{0D675AA6-17A4-4D62-B8C7-E9905F96B9A0}.Debug|Any CPU.Build.0 = Debug|Any CPU
		{0D675AA6-17A4-4D62-B8C7-E9905F96B9A0}.Release|Any CPU.ActiveCfg = Release|Any CPU
		{0D675AA6-17A4-4D62-B8C7-E9905F96B9A0}.Release|Any CPU.Build.0 = Release|Any CPU
		{3CC62120-7399-4F74-AB6E-44416E017AF9}.Debug|Any CPU.ActiveCfg = Debug|Any CPU
		{3CC62120-7399-4F74-AB6E-44416E017AF9}.Debug|Any CPU.Build.0 = Debug|Any CPU
		{3CC62120-7399-4F74-AB6E-44416E017AF9}.Release|Any CPU.ActiveCfg = Release|Any CPU
		{3CC62120-7399-4F74-AB6E-44416E017AF9}.Release|Any CPU.Build.0 = Release|Any CPU
		{67611E5B-958C-44C0-ABAE-B2D0E65EADBE}.Debug|Any CPU.ActiveCfg = Debug|Any CPU
		{67611E5B-958C-44C0-ABAE-B2D0E65EADBE}.Debug|Any CPU.Build.0 = Debug|Any CPU
		{67611E5B-958C-44C0-ABAE-B2D0E65EADBE}.Release|Any CPU.ActiveCfg = Release|Any CPU
		{67611E5B-958C-44C0-ABAE-B2D0E65EADBE}.Release|Any CPU.Build.0 = Release|Any CPU
		{99B7D894-0B63-42F6-9278-636FD3A7925A}.Debug|Any CPU.ActiveCfg = Debug|Any CPU
		{99B7D894-0B63-42F6-9278-636FD3A7925A}.Debug|Any CPU.Build.0 = Debug|Any CPU
		{99B7D894-0B63-42F6-9278-636FD3A7925A}.Release|Any CPU.ActiveCfg = Release|Any CPU
		{99B7D894-0B63-42F6-9278-636FD3A7925A}.Release|Any CPU.Build.0 = Release|Any CPU
	EndGlobalSection
	GlobalSection(SolutionProperties) = preSolution
		HideSolutionNode = FALSE
	EndGlobalSection
	GlobalSection(NestedProjects) = preSolution
		{05357584-CC32-40AD-9E43-97402FD5F1ED} = {F42DFEE7-D389-49A7-B7F1-E1075C29EFE8}
		{1FE4BA24-2500-4ECE-B47C-927E7C77B4C0} = {3E0BF15B-2B12-4C8B-9C5F-98818A12FB89}
		{3B367BB7-30DE-4634-A8B5-7A446E30B01F} = {3E0BF15B-2B12-4C8B-9C5F-98818A12FB89}
		{B02ADAE8-2FDB-4D42-9E61-AD2FAA60D0B1} = {1FE4BA24-2500-4ECE-B47C-927E7C77B4C0}
		{A1CB500B-9E43-4AD1-8AC0-A36039F79BF2} = {3B367BB7-30DE-4634-A8B5-7A446E30B01F}
		{6CDA541A-F565-4B4C-89B3-6BEADCDAE3AA} = {3E0BF15B-2B12-4C8B-9C5F-98818A12FB89}
		{65BFAE19-0628-4BE7-A33A-97F15C6C5359} = {6CDA541A-F565-4B4C-89B3-6BEADCDAE3AA}
		{3C095BF5-7B4D-4C4A-9542-6A83EBCFAC0A} = {3E0BF15B-2B12-4C8B-9C5F-98818A12FB89}
		{E1A7B04A-5EE5-4CA6-B403-6ABC04391B18} = {3C095BF5-7B4D-4C4A-9542-6A83EBCFAC0A}
		{0D8EA82B-D2D2-48BB-A6CA-AF95DCEF8F04} = {F42DFEE7-D389-49A7-B7F1-E1075C29EFE8}
		{2741FF8B-4657-4D39-9C36-BB803D27F748} = {3B367BB7-30DE-4634-A8B5-7A446E30B01F}
		{B93FF94E-B80F-48CF-8FDB-843EC87708C7} = {3B367BB7-30DE-4634-A8B5-7A446E30B01F}
		{DCF915F3-8389-421C-86DA-8FD9AE4284D1} = {3B367BB7-30DE-4634-A8B5-7A446E30B01F}
		{61FFF2F7-9656-4B1B-8032-1CA1C36A39F3} = {1FE4BA24-2500-4ECE-B47C-927E7C77B4C0}
		{ED18624E-1A97-4363-B83B-CE7C273F9689} = {1FE4BA24-2500-4ECE-B47C-927E7C77B4C0}
		{0755DCFB-EA9C-4F25-B8BC-6ABF55897927} = {1FE4BA24-2500-4ECE-B47C-927E7C77B4C0}
		{BD256214-6504-4FFD-A71E-5F99B4615A32} = {6CDA541A-F565-4B4C-89B3-6BEADCDAE3AA}
		{192207D4-D97E-457E-BAFA-C8A5503FA198} = {6CDA541A-F565-4B4C-89B3-6BEADCDAE3AA}
		{0D675AA6-17A4-4D62-B8C7-E9905F96B9A0} = {6CDA541A-F565-4B4C-89B3-6BEADCDAE3AA}
		{3CC62120-7399-4F74-AB6E-44416E017AF9} = {3C095BF5-7B4D-4C4A-9542-6A83EBCFAC0A}
		{67611E5B-958C-44C0-ABAE-B2D0E65EADBE} = {3C095BF5-7B4D-4C4A-9542-6A83EBCFAC0A}
		{99B7D894-0B63-42F6-9278-636FD3A7925A} = {3C095BF5-7B4D-4C4A-9542-6A83EBCFAC0A}
	EndGlobalSection
	GlobalSection(ExtensibilityGlobals) = postSolution
		SolutionGuid = {D88A143A-ECBD-4459-9D34-38D25B38BADB}
	EndGlobalSection
EndGlobal
